
Microsoft Visual Studio Solution File, Format Version 12.00
# Visual Studio Version 16
VisualStudioVersion = 16.0.35325.158
MinimumVisualStudioVersion = 10.0.40219.1
Project("{FAE04EC0-301F-11D3-BF4B-00C04F79EFBC}") = "LibraryManagementSystem", "LibraryManagementSystem.csproj", "{0202039C-B7B9-417B-83D7-797A4B73FEBA}"
EndProject
Global
	GlobalSection(SolutionConfigurationPlatforms) = preSolution
		Debug|Any CPU = Debug|Any CPU
		Release|Any CPU = Release|Any CPU
	EndGlobalSection
	GlobalSection(ProjectConfigurationPlatforms) = postSolution
		{0202039C-B7B9-417B-83D7-797A4B73FEBA}.Debug|Any CPU.ActiveCfg = Debug|Any CPU
		{0202039C-B7B9-417B-83D7-797A4B73FEBA}.Debug|Any CPU.Build.0 = Debug|Any CPU
		{0202039C-B7B9-417B-83D7-797A4B73FEBA}.Release|Any CPU.ActiveCfg = Release|Any CPU
		{0202039C-B7B9-417B-83D7-797A4B73FEBA}.Release|Any CPU.Build.0 = Release|Any CPU
	EndGlobalSection
	GlobalSection(SolutionProperties) = preSolution
		HideSolutionNode = FALSE
	EndGlobalSection
	GlobalSection(ExtensibilityGlobals) = postSolution
		SolutionGuid = {E3A523F2-C6C2-49F7-A082-139509BEBA2E}
	EndGlobalSection
EndGlobal
